
Microsoft Visual Studio Solution File, Format Version 12.00
# Visual Studio Version 16
VisualStudioVersion = 16.0.31005.135
MinimumVisualStudioVersion = 10.0.40219.1
Project("{FAE04EC0-301F-11D3-BF4B-00C04F79EFBC}") = "Never-Not-Numlock", "Never-Not-Numlock\Never-Not-Numlock.csproj", "{7FEBBE6C-A07C-4CF0-B73F-D8CB4132A6CE}"
EndProject
Global
	GlobalSection(SolutionConfigurationPlatforms) = preSolution
		Debug|Any CPU = Debug|Any CPU
		Release|Any CPU = Release|Any CPU
	EndGlobalSection
	GlobalSection(ProjectConfigurationPlatforms) = postSolution
		{7FEBBE6C-A07C-4CF0-B73F-D8CB4132A6CE}.Debug|Any CPU.ActiveCfg = Debug|Any CPU
		{7FEBBE6C-A07C-4CF0-B73F-D8CB4132A6CE}.Debug|Any CPU.Build.0 = Debug|Any CPU
		{7FEBBE6C-A07C-4CF0-B73F-D8CB4132A6CE}.Release|Any CPU.ActiveCfg = Release|Any CPU
		{7FEBBE6C-A07C-4CF0-B73F-D8CB4132A6CE}.Release|Any CPU.Build.0 = Release|Any CPU
	EndGlobalSection
	GlobalSection(SolutionProperties) = preSolution
		HideSolutionNode = FALSE
	EndGlobalSection
	GlobalSection(ExtensibilityGlobals) = postSolution
		SolutionGuid = {A580EE2F-80A5-4961-9A40-2F6904CEAD5B}
	EndGlobalSection
EndGlobal
